
Microsoft Visual Studio Solution File, Format Version 12.00
# Visual Studio Version 16
VisualStudioVersion = 16.0.31019.35
MinimumVisualStudioVersion = 10.0.40219.1
Project("{FAE04EC0-301F-11D3-BF4B-00C04F79EFBC}") = "AgileCoding.Extentions.File", "AgileCoding.Extentions.File\AgileCoding.Extentions.File.csproj", "{0A279362-816B-4BD4-AF96-EF5A57A9CAEA}"
EndProject
Global
	GlobalSection(SolutionConfigurationPlatforms) = preSolution
		Debug|Any CPU = Debug|Any CPU
		Release|Any CPU = Release|Any CPU
	EndGlobalSection
	GlobalSection(ProjectConfigurationPlatforms) = postSolution
		{0A279362-816B-4BD4-AF96-EF5A57A9CAEA}.Debug|Any CPU.ActiveCfg = Debug|Any CPU
		{0A279362-816B-4BD4-AF96-EF5A57A9CAEA}.Debug|Any CPU.Build.0 = Debug|Any CPU
		{0A279362-816B-4BD4-AF96-EF5A57A9CAEA}.Release|Any CPU.ActiveCfg = Release|Any CPU
		{0A279362-816B-4BD4-AF96-EF5A57A9CAEA}.Release|Any CPU.Build.0 = Release|Any CPU
	EndGlobalSection
	GlobalSection(SolutionProperties) = preSolution
		HideSolutionNode = FALSE
	EndGlobalSection
	GlobalSection(ExtensibilityGlobals) = postSolution
		SolutionGuid = {8974A680-B5B9-45EA-B300-450F21BBE2CE}
	EndGlobalSection
EndGlobal
